
Microsoft Visual Studio Solution File, Format Version 12.00
# Visual Studio Version 17
VisualStudioVersion = 17.2.32602.215
MinimumVisualStudioVersion = 10.0.40219.1
Project("{9A19103F-16F7-4668-BE54-9A1E7A4F7556}") = "SquadManager", "SquadManager\SquadManager.csproj", "{E8B48B4E-F98F-4730-A842-893219077909}"
EndProject
Project("{2150E333-8FDC-42A3-9474-1A3956D46DE8}") = "1.UI", "1.UI", "{83D4D11B-4464-4760-8906-9CA81F82DE46}"
EndProject
Project("{2150E333-8FDC-42A3-9474-1A3956D46DE8}") = "2.Application", "2.Application", "{F76AA3B1-1FEE-41B7-A3A1-32E5CDA9630E}"
EndProject
Project("{2150E333-8FDC-42A3-9474-1A3956D46DE8}") = "3.Data", "3.Data", "{9766D235-A9CE-4DBB-AD3B-04A89655C25B}"
EndProject
Project("{9A19103F-16F7-4668-BE54-9A1E7A4F7556}") = "Repository", "Repository\Repository.csproj", "{C8EEF0A0-577E-447A-A88D-7C6CF13C293A}"
EndProject
Project("{9A19103F-16F7-4668-BE54-9A1E7A4F7556}") = "Common", "Common\Common.csproj", "{63315FCD-8BD4-450F-A9D6-8B781641CC7E}"
EndProject
Project("{FAE04EC0-301F-11D3-BF4B-00C04F79EFBC}") = "AP1", "AP1\AP1.csproj", "{539776D5-67AA-43D3-A6FE-14367A77F3E0}"
EndProject
Global
	GlobalSection(SolutionConfigurationPlatforms) = preSolution
		Debug|Any CPU = Debug|Any CPU
		Release|Any CPU = Release|Any CPU
	EndGlobalSection
	GlobalSection(ProjectConfigurationPlatforms) = postSolution
		{E8B48B4E-F98F-4730-A842-893219077909}.Debug|Any CPU.ActiveCfg = Debug|Any CPU
		{E8B48B4E-F98F-4730-A842-893219077909}.Debug|Any CPU.Build.0 = Debug|Any CPU
		{E8B48B4E-F98F-4730-A842-893219077909}.Release|Any CPU.ActiveCfg = Release|Any CPU
		{E8B48B4E-F98F-4730-A842-893219077909}.Release|Any CPU.Build.0 = Release|Any CPU
		{C8EEF0A0-577E-447A-A88D-7C6CF13C293A}.Debug|Any CPU.ActiveCfg = Debug|Any CPU
		{C8EEF0A0-577E-447A-A88D-7C6CF13C293A}.Debug|Any CPU.Build.0 = Debug|Any CPU
		{C8EEF0A0-577E-447A-A88D-7C6CF13C293A}.Release|Any CPU.ActiveCfg = Release|Any CPU
		{C8EEF0A0-577E-447A-A88D-7C6CF13C293A}.Release|Any CPU.Build.0 = Release|Any CPU
		{63315FCD-8BD4-450F-A9D6-8B781641CC7E}.Debug|Any CPU.ActiveCfg = Debug|Any CPU
		{63315FCD-8BD4-450F-A9D6-8B781641CC7E}.Debug|Any CPU.Build.0 = Debug|Any CPU
		{63315FCD-8BD4-450F-A9D6-8B781641CC7E}.Release|Any CPU.ActiveCfg = Release|Any CPU
		{63315FCD-8BD4-450F-A9D6-8B781641CC7E}.Release|Any CPU.Build.0 = Release|Any CPU
		{539776D5-67AA-43D3-A6FE-14367A77F3E0}.Debug|Any CPU.ActiveCfg = Debug|Any CPU
		{539776D5-67AA-43D3-A6FE-14367A77F3E0}.Debug|Any CPU.Build.0 = Debug|Any CPU
		{539776D5-67AA-43D3-A6FE-14367A77F3E0}.Release|Any CPU.ActiveCfg = Release|Any CPU
		{539776D5-67AA-43D3-A6FE-14367A77F3E0}.Release|Any CPU.Build.0 = Release|Any CPU
	EndGlobalSection
	GlobalSection(SolutionProperties) = preSolution
		HideSolutionNode = FALSE
	EndGlobalSection
	GlobalSection(NestedProjects) = preSolution
		{E8B48B4E-F98F-4730-A842-893219077909} = {83D4D11B-4464-4760-8906-9CA81F82DE46}
		{C8EEF0A0-577E-447A-A88D-7C6CF13C293A} = {9766D235-A9CE-4DBB-AD3B-04A89655C25B}
		{63315FCD-8BD4-450F-A9D6-8B781641CC7E} = {F76AA3B1-1FEE-41B7-A3A1-32E5CDA9630E}
		{539776D5-67AA-43D3-A6FE-14367A77F3E0} = {F76AA3B1-1FEE-41B7-A3A1-32E5CDA9630E}
	EndGlobalSection
	GlobalSection(ExtensibilityGlobals) = postSolution
		SolutionGuid = {7E377A45-5FC3-42C1-9FEF-23EF26FC44DF}
	EndGlobalSection
EndGlobal
